
Microsoft Visual Studio Solution File, Format Version 12.00
# Visual Studio 15
VisualStudioVersion = 15.0.28307.1401
MinimumVisualStudioVersion = 10.0.40219.1
Project("{8BC9CEB8-8B4A-11D0-8D11-00A0C91BC942}") = "06_StackByLinkedList", "06_StackByLinkedList.vcxproj", "{0F929E49-418A-4DE2-A94F-6D0E8E7E71D8}"
EndProject
Global
	GlobalSection(SolutionConfigurationPlatforms) = preSolution
		Debug|x64 = Debug|x64
		Debug|x86 = Debug|x86
		Release|x64 = Release|x64
		Release|x86 = Release|x86
	EndGlobalSection
	GlobalSection(ProjectConfigurationPlatforms) = postSolution
		{0F929E49-418A-4DE2-A94F-6D0E8E7E71D8}.Debug|x64.ActiveCfg = Debug|x64
		{0F929E49-418A-4DE2-A94F-6D0E8E7E71D8}.Debug|x64.Build.0 = Debug|x64
		{0F929E49-418A-4DE2-A94F-6D0E8E7E71D8}.Debug|x86.ActiveCfg = Debug|Win32
		{0F929E49-418A-4DE2-A94F-6D0E8E7E71D8}.Debug|x86.Build.0 = Debug|Win32
		{0F929E49-418A-4DE2-A94F-6D0E8E7E71D8}.Release|x64.ActiveCfg = Release|x64
		{0F929E49-418A-4DE2-A94F-6D0E8E7E71D8}.Release|x64.Build.0 = Release|x64
		{0F929E49-418A-4DE2-A94F-6D0E8E7E71D8}.Release|x86.ActiveCfg = Release|Win32
		{0F929E49-418A-4DE2-A94F-6D0E8E7E71D8}.Release|x86.Build.0 = Release|Win32
	EndGlobalSection
	GlobalSection(SolutionProperties) = preSolution
		HideSolutionNode = FALSE
	EndGlobalSection
	GlobalSection(ExtensibilityGlobals) = postSolution
		SolutionGuid = {E3D7D0A9-435F-482D-858B-32D9859E87A7}
	EndGlobalSection
EndGlobal
